
Microsoft Visual Studio Solution File, Format Version 12.00
# Visual Studio Version 17
VisualStudioVersion = 17.13.35931.197 d17.13
MinimumVisualStudioVersion = 10.0.40219.1
Project("{FAE04EC0-301F-11D3-BF4B-00C04F79EFBC}") = "pract5.Android", "pract5.Android\pract5.Android.csproj", "{EB457638-C322-4846-BD8F-3381BE9F7394}"
EndProject
Project("{FAE04EC0-301F-11D3-BF4B-00C04F79EFBC}") = "pract5", "pract5\pract5.csproj", "{72E3C0DA-8B6F-43B0-9C09-4D2BF808254C}"
EndProject
Global
	GlobalSection(SolutionConfigurationPlatforms) = preSolution
		Debug|Any CPU = Debug|Any CPU
		Release|Any CPU = Release|Any CPU
	EndGlobalSection
	GlobalSection(ProjectConfigurationPlatforms) = postSolution
		{EB457638-C322-4846-BD8F-3381BE9F7394}.Debug|Any CPU.ActiveCfg = Debug|Any CPU
		{EB457638-C322-4846-BD8F-3381BE9F7394}.Debug|Any CPU.Build.0 = Debug|Any CPU
		{EB457638-C322-4846-BD8F-3381BE9F7394}.Debug|Any CPU.Deploy.0 = Debug|Any CPU
		{EB457638-C322-4846-BD8F-3381BE9F7394}.Release|Any CPU.ActiveCfg = Release|Any CPU
		{EB457638-C322-4846-BD8F-3381BE9F7394}.Release|Any CPU.Build.0 = Release|Any CPU
		{EB457638-C322-4846-BD8F-3381BE9F7394}.Release|Any CPU.Deploy.0 = Release|Any CPU
		{72E3C0DA-8B6F-43B0-9C09-4D2BF808254C}.Debug|Any CPU.ActiveCfg = Debug|Any CPU
		{72E3C0DA-8B6F-43B0-9C09-4D2BF808254C}.Debug|Any CPU.Build.0 = Debug|Any CPU
		{72E3C0DA-8B6F-43B0-9C09-4D2BF808254C}.Debug|Any CPU.Deploy.0 = Debug|Any CPU
		{72E3C0DA-8B6F-43B0-9C09-4D2BF808254C}.Release|Any CPU.ActiveCfg = Release|Any CPU
		{72E3C0DA-8B6F-43B0-9C09-4D2BF808254C}.Release|Any CPU.Build.0 = Release|Any CPU
		{72E3C0DA-8B6F-43B0-9C09-4D2BF808254C}.Release|Any CPU.Deploy.0 = Release|Any CPU
	EndGlobalSection
	GlobalSection(SolutionProperties) = preSolution
		HideSolutionNode = FALSE
	EndGlobalSection
	GlobalSection(ExtensibilityGlobals) = postSolution
		SolutionGuid = {5C17A111-F478-452C-BD3D-4B04804EB0BE}
	EndGlobalSection
EndGlobal
